<?xml version="1.0" encoding="UTF-8"?>
<Scheme
   LastUpgradeVersion = "1400"
   version = "1.3">
   <BuildAction
      parallelizeBuildables = "YES"
      buildImplicitDependencies = "YES">
      <BuildActionEntries>
         <BuildActionEntry
            buildForTesting = "YES"
            buildForRunning = "YES"
            buildForProfiling = "YES"
            buildForArchiving = "YES"
            buildForAnalyzing = "YES">
            <BuildableReference
               BuildableIdentifier = "primary"
               BlueprintIdentifier = "D56767B22999D6F600C6AEAE"
               BuildableName = "Fidelity Coding Challenge.app"
               BlueprintName = "Fidelity Coding Challenge"
               ReferencedContainer = "container:Fidelity Coding Challenge.xcodeproj">
            </BuildableReference>
         </BuildActionEntry>
      </BuildActionEntries>
   </BuildAction>
   <TestAction
      buildConfiguration = "Debug Development"
      selectedDebuggerIdentifier = "Xcode.DebuggerFoundation.Debugger.LLDB"
      selectedLauncherIdentifier = "Xcode.DebuggerFoundation.Launcher.LLDB"
      shouldUseLaunchSchemeArgsEnv = "YES">
      <Testables>
         <TestableReference
            skipped = "NO"
            parallelizable = "YES">
            <BuildableReference
               BuildableIdentifier = "primary"
               BlueprintIdentifier = "D56767C72999D6F900C6AEAE"
               BuildableName = "Fidelity Coding ChallengeTests.xctest"
               BlueprintName = "Fidelity Coding ChallengeTests"
               ReferencedContainer = "container:Fidelity Coding Challenge.xcodeproj">
            </BuildableReference>
         </TestableReference>
         <TestableReference
            skipped = "NO"
            parallelizable = "YES">
            <BuildableReference
               BuildableIdentifier = "primary"
               BlueprintIdentifier = "D56767D12999D6F900C6AEAE"
               BuildableName = "Fidelity Coding ChallengeUITests.xctest"
               BlueprintName = "Fidelity Coding ChallengeUITests"
               ReferencedContainer = "container:Fidelity Coding Challenge.xcodeproj">
            </BuildableReference>
         </TestableReference>
      </Testables>
   </TestAction>
   <LaunchAction
      buildConfiguration = "Debug Development"
      selectedDebuggerIdentifier = "Xcode.DebuggerFoundation.Debugger.LLDB"
      selectedLauncherIdentifier = "Xcode.DebuggerFoundation.Launcher.LLDB"
      launchStyle = "0"
      useCustomWorkingDirectory = "NO"
      ignoresPersistentStateOnLaunch = "NO"
      debugDocumentVersioning = "YES"
      debugServiceExtension = "internal"
      allowLocationSimulation = "YES">
      <BuildableProductRunnable
         runnableDebuggingMode = "0">
         <BuildableReference
            BuildableIdentifier = "primary"
            BlueprintIdentifier = "D56767B22999D6F600C6AEAE"
            BuildableName = "Fidelity Coding Challenge.app"
            BlueprintName = "Fidelity Coding Challenge"
            ReferencedContainer = "container:Fidelity Coding Challenge.xcodeproj">
         </BuildableReference>
      </BuildableProductRunnable>
   </LaunchAction>
   <ProfileAction
      buildConfiguration = "Release Development"
      shouldUseLaunchSchemeArgsEnv = "YES"
      savedToolIdentifier = ""
      useCustomWorkingDirectory = "NO"
      debugDocumentVersioning = "YES">
      <BuildableProductRunnable
         runnableDebuggingMode = "0">
         <BuildableReference
            BuildableIdentifier = "primary"
            BlueprintIdentifier = "D56767B22999D6F600C6AEAE"
            BuildableName = "Fidelity Coding Challenge.app"
            BlueprintName = "Fidelity Coding Challenge"
            ReferencedContainer = "container:Fidelity Coding Challenge.xcodeproj">
         </BuildableReference>
      </BuildableProductRunnable>
   </ProfileAction>
   <AnalyzeAction
      buildConfiguration = "Debug Development">
   </AnalyzeAction>
   <ArchiveAction
      buildConfiguration = "Release Development"
      revealArchiveInOrganizer = "YES">
   </ArchiveAction>
</Scheme>
